
Microsoft Visual Studio Solution File, Format Version 12.00
# Visual Studio Version 17
VisualStudioVersion = 17.14.36915.13 d17.14
MinimumVisualStudioVersion = 10.0.40219.1
Project("{FAE04EC0-301F-11D3-BF4B-00C04F79EFBC}") = "ejercicio 12", "ejercicio 12\ejercicio 12.csproj", "{42BEC7B8-A318-4EE3-A85E-7319B7AE961F}"
EndProject
Global
	GlobalSection(SolutionConfigurationPlatforms) = preSolution
		Debug|Any CPU = Debug|Any CPU
		Release|Any CPU = Release|Any CPU
	EndGlobalSection
	GlobalSection(ProjectConfigurationPlatforms) = postSolution
		{42BEC7B8-A318-4EE3-A85E-7319B7AE961F}.Debug|Any CPU.ActiveCfg = Debug|Any CPU
		{42BEC7B8-A318-4EE3-A85E-7319B7AE961F}.Debug|Any CPU.Build.0 = Debug|Any CPU
		{42BEC7B8-A318-4EE3-A85E-7319B7AE961F}.Release|Any CPU.ActiveCfg = Release|Any CPU
		{42BEC7B8-A318-4EE3-A85E-7319B7AE961F}.Release|Any CPU.Build.0 = Release|Any CPU
	EndGlobalSection
	GlobalSection(SolutionProperties) = preSolution
		HideSolutionNode = FALSE
	EndGlobalSection
	GlobalSection(ExtensibilityGlobals) = postSolution
		SolutionGuid = {F98E43EA-F077-4231-AE0D-8904BE9AE11B}
	EndGlobalSection
EndGlobal
