
Microsoft Visual Studio Solution File, Format Version 12.00
# Visual Studio Version 17
VisualStudioVersion = 17.14.36915.13 d17.14
MinimumVisualStudioVersion = 10.0.40219.1
Project("{FAE04EC0-301F-11D3-BF4B-00C04F79EFBC}") = "ejercicio 11", "ejercicio 11\ejercicio 11.csproj", "{F1CB3606-D44E-4F50-97B3-691C9E95905A}"
EndProject
Global
	GlobalSection(SolutionConfigurationPlatforms) = preSolution
		Debug|Any CPU = Debug|Any CPU
		Release|Any CPU = Release|Any CPU
	EndGlobalSection
	GlobalSection(ProjectConfigurationPlatforms) = postSolution
		{F1CB3606-D44E-4F50-97B3-691C9E95905A}.Debug|Any CPU.ActiveCfg = Debug|Any CPU
		{F1CB3606-D44E-4F50-97B3-691C9E95905A}.Debug|Any CPU.Build.0 = Debug|Any CPU
		{F1CB3606-D44E-4F50-97B3-691C9E95905A}.Release|Any CPU.ActiveCfg = Release|Any CPU
		{F1CB3606-D44E-4F50-97B3-691C9E95905A}.Release|Any CPU.Build.0 = Release|Any CPU
	EndGlobalSection
	GlobalSection(SolutionProperties) = preSolution
		HideSolutionNode = FALSE
	EndGlobalSection
	GlobalSection(ExtensibilityGlobals) = postSolution
		SolutionGuid = {C330E664-CD27-4CD5-837F-6973914E1F09}
	EndGlobalSection
EndGlobal
